
Microsoft Visual Studio Solution File, Format Version 12.00
# Visual Studio 14
VisualStudioVersion = 14.0.23107.0
MinimumVisualStudioVersion = 10.0.40219.1
Project("{FAE04EC0-301F-11D3-BF4B-00C04F79EFBC}") = "3DFamilyTreeFileUtility", "3DFamilyTreeForms\3DFamilyTreeFileUtility.csproj", "{2F6AF90D-61A1-40C8-80F2-CCD277C4A394}"
EndProject
Project("{FAE04EC0-301F-11D3-BF4B-00C04F79EFBC}") = "UnityTreeScripts", "UnityTreeScripts\UnityTreeScripts.csproj", "{DD118C71-BE62-4591-BF38-CD600E0D22B2}"
EndProject
Project("{2150E333-8FDC-42A3-9474-1A3956D46DE8}") = "Solution Items", "Solution Items", "{0643FBF7-D583-4647-9C95-B9ABE00C1ECF}"
	ProjectSection(SolutionItems) = preProject
		Launch_3DFT.bat = Launch_3DFT.bat
		loading.gif = loading.gif
		README.md = README.md
	EndProjectSection
EndProject
Global
	GlobalSection(SolutionConfigurationPlatforms) = preSolution
		Debug|Any CPU = Debug|Any CPU
		Release|Any CPU = Release|Any CPU
	EndGlobalSection
	GlobalSection(ProjectConfigurationPlatforms) = postSolution
		{2F6AF90D-61A1-40C8-80F2-CCD277C4A394}.Debug|Any CPU.ActiveCfg = Debug|Any CPU
		{2F6AF90D-61A1-40C8-80F2-CCD277C4A394}.Debug|Any CPU.Build.0 = Debug|Any CPU
		{2F6AF90D-61A1-40C8-80F2-CCD277C4A394}.Release|Any CPU.ActiveCfg = Debug|Any CPU
		{2F6AF90D-61A1-40C8-80F2-CCD277C4A394}.Release|Any CPU.Build.0 = Debug|Any CPU
		{DD118C71-BE62-4591-BF38-CD600E0D22B2}.Debug|Any CPU.ActiveCfg = Debug|Any CPU
		{DD118C71-BE62-4591-BF38-CD600E0D22B2}.Debug|Any CPU.Build.0 = Debug|Any CPU
		{DD118C71-BE62-4591-BF38-CD600E0D22B2}.Release|Any CPU.ActiveCfg = Release|Any CPU
		{DD118C71-BE62-4591-BF38-CD600E0D22B2}.Release|Any CPU.Build.0 = Release|Any CPU
	EndGlobalSection
	GlobalSection(SolutionProperties) = preSolution
		HideSolutionNode = FALSE
	EndGlobalSection
EndGlobal
